
Microsoft Visual Studio Solution File, Format Version 12.00
# Visual Studio Version 16
VisualStudioVersion = 16.0.29001.49
MinimumVisualStudioVersion = 10.0.40219.1
Project("{FAE04EC0-301F-11D3-BF4B-00C04F79EFBC}") = "luchclient", "luchclient\luchclient\luchclient.csproj", "{E42D9FB5-EB6D-4D36-9CBC-E1FFF4D4D2B4}"
EndProject
Project("{FAE04EC0-301F-11D3-BF4B-00C04F79EFBC}") = "luchclient.Android", "luchclient\luchclient.Android\luchclient.Android.csproj", "{D9F07FFF-FDBB-445B-ACDE-1427545A0FAF}"
EndProject
Project("{FAE04EC0-301F-11D3-BF4B-00C04F79EFBC}") = "luchclient.iOS", "luchclient\luchclient.iOS\luchclient.iOS.csproj", "{ABE746B1-F8D9-478A-9E15-03DB709D5238}"
EndProject
Project("{FAE04EC0-301F-11D3-BF4B-00C04F79EFBC}") = "luchclient.UWP", "luchclient\luchclient.UWP\luchclient.UWP.csproj", "{E948C9BD-2DA4-4049-B73A-70738A302D55}"
EndProject
Global
	GlobalSection(SolutionConfigurationPlatforms) = preSolution
		Ad-Hoc|Any CPU = Ad-Hoc|Any CPU
		Ad-Hoc|ARM = Ad-Hoc|ARM
		Ad-Hoc|iPhone = Ad-Hoc|iPhone
		Ad-Hoc|iPhoneSimulator = Ad-Hoc|iPhoneSimulator
		Ad-Hoc|x64 = Ad-Hoc|x64
		Ad-Hoc|x86 = Ad-Hoc|x86
		AppStore|Any CPU = AppStore|Any CPU
		AppStore|ARM = AppStore|ARM
		AppStore|iPhone = AppStore|iPhone
		AppStore|iPhoneSimulator = AppStore|iPhoneSimulator
		AppStore|x64 = AppStore|x64
		AppStore|x86 = AppStore|x86
		Debug|Any CPU = Debug|Any CPU
		Debug|ARM = Debug|ARM
		Debug|iPhone = Debug|iPhone
		Debug|iPhoneSimulator = Debug|iPhoneSimulator
		Debug|x64 = Debug|x64
		Debug|x86 = Debug|x86
		Release|Any CPU = Release|Any CPU
		Release|ARM = Release|ARM
		Release|iPhone = Release|iPhone
		Release|iPhoneSimulator = Release|iPhoneSimulator
		Release|x64 = Release|x64
		Release|x86 = Release|x86
	EndGlobalSection
	GlobalSection(ProjectConfigurationPlatforms) = postSolution
		{E42D9FB5-EB6D-4D36-9CBC-E1FFF4D4D2B4}.Ad-Hoc|Any CPU.ActiveCfg = Debug|Any CPU
		{E42D9FB5-EB6D-4D36-9CBC-E1FFF4D4D2B4}.Ad-Hoc|Any CPU.Build.0 = Debug|Any CPU
		{E42D9FB5-EB6D-4D36-9CBC-E1FFF4D4D2B4}.Ad-Hoc|ARM.ActiveCfg = Debug|Any CPU
		{E42D9FB5-EB6D-4D36-9CBC-E1FFF4D4D2B4}.Ad-Hoc|ARM.Build.0 = Debug|Any CPU
		{E42D9FB5-EB6D-4D36-9CBC-E1FFF4D4D2B4}.Ad-Hoc|iPhone.ActiveCfg = Debug|Any CPU
		{E42D9FB5-EB6D-4D36-9CBC-E1FFF4D4D2B4}.Ad-Hoc|iPhone.Build.0 = Debug|Any CPU
		{E42D9FB5-EB6D-4D36-9CBC-E1FFF4D4D2B4}.Ad-Hoc|iPhoneSimulator.ActiveCfg = Debug|Any CPU
		{E42D9FB5-EB6D-4D36-9CBC-E1FFF4D4D2B4}.Ad-Hoc|iPhoneSimulator.Build.0 = Debug|Any CPU
		{E42D9FB5-EB6D-4D36-9CBC-E1FFF4D4D2B4}.Ad-Hoc|x64.ActiveCfg = Debug|Any CPU
		{E42D9FB5-EB6D-4D36-9CBC-E1FFF4D4D2B4}.Ad-Hoc|x64.Build.0 = Debug|Any CPU
		{E42D9FB5-EB6D-4D36-9CBC-E1FFF4D4D2B4}.Ad-Hoc|x86.ActiveCfg = Debug|Any CPU
		{E42D9FB5-EB6D-4D36-9CBC-E1FFF4D4D2B4}.Ad-Hoc|x86.Build.0 = Debug|Any CPU
		{E42D9FB5-EB6D-4D36-9CBC-E1FFF4D4D2B4}.AppStore|Any CPU.ActiveCfg = Debug|Any CPU
		{E42D9FB5-EB6D-4D36-9CBC-E1FFF4D4D2B4}.AppStore|Any CPU.Build.0 = Debug|Any CPU
		{E42D9FB5-EB6D-4D36-9CBC-E1FFF4D4D2B4}.AppStore|ARM.ActiveCfg = Debug|Any CPU
		{E42D9FB5-EB6D-4D36-9CBC-E1FFF4D4D2B4}.AppStore|ARM.Build.0 = Debug|Any CPU
		{E42D9FB5-EB6D-4D36-9CBC-E1FFF4D4D2B4}.AppStore|iPhone.ActiveCfg = Debug|Any CPU
		{E42D9FB5-EB6D-4D36-9CBC-E1FFF4D4D2B4}.AppStore|iPhone.Build.0 = Debug|Any CPU
		{E42D9FB5-EB6D-4D36-9CBC-E1FFF4D4D2B4}.AppStore|iPhoneSimulator.ActiveCfg = Debug|Any CPU
		{E42D9FB5-EB6D-4D36-9CBC-E1FFF4D4D2B4}.AppStore|iPhoneSimulator.Build.0 = Debug|Any CPU
		{E42D9FB5-EB6D-4D36-9CBC-E1FFF4D4D2B4}.AppStore|x64.ActiveCfg = Debug|Any CPU
		{E42D9FB5-EB6D-4D36-9CBC-E1FFF4D4D2B4}.AppStore|x64.Build.0 = Debug|Any CPU
		{E42D9FB5-EB6D-4D36-9CBC-E1FFF4D4D2B4}.AppStore|x86.ActiveCfg = Debug|Any CPU
		{E42D9FB5-EB6D-4D36-9CBC-E1FFF4D4D2B4}.AppStore|x86.Build.0 = Debug|Any CPU
		{E42D9FB5-EB6D-4D36-9CBC-E1FFF4D4D2B4}.Debug|Any CPU.ActiveCfg = Debug|Any CPU
		{E42D9FB5-EB6D-4D36-9CBC-E1FFF4D4D2B4}.Debug|Any CPU.Build.0 = Debug|Any CPU
		{E42D9FB5-EB6D-4D36-9CBC-E1FFF4D4D2B4}.Debug|ARM.ActiveCfg = Debug|Any CPU
		{E42D9FB5-EB6D-4D36-9CBC-E1FFF4D4D2B4}.Debug|ARM.Build.0 = Debug|Any CPU
		{E42D9FB5-EB6D-4D36-9CBC-E1FFF4D4D2B4}.Debug|iPhone.ActiveCfg = Debug|Any CPU
		{E42D9FB5-EB6D-4D36-9CBC-E1FFF4D4D2B4}.Debug|iPhone.Build.0 = Debug|Any CPU
		{E42D9FB5-EB6D-4D36-9CBC-E1FFF4D4D2B4}.Debug|iPhoneSimulator.ActiveCfg = Debug|Any CPU
		{E42D9FB5-EB6D-4D36-9CBC-E1FFF4D4D2B4}.Debug|iPhoneSimulator.Build.0 = Debug|Any CPU
		{E42D9FB5-EB6D-4D36-9CBC-E1FFF4D4D2B4}.Debug|x64.ActiveCfg = Debug|Any CPU
		{E42D9FB5-EB6D-4D36-9CBC-E1FFF4D4D2B4}.Debug|x64.Build.0 = Debug|Any CPU
		{E42D9FB5-EB6D-4D36-9CBC-E1FFF4D4D2B4}.Debug|x86.ActiveCfg = Debug|Any CPU
		{E42D9FB5-EB6D-4D36-9CBC-E1FFF4D4D2B4}.Debug|x86.Build.0 = Debug|Any CPU
		{E42D9FB5-EB6D-4D36-9CBC-E1FFF4D4D2B4}.Release|Any CPU.ActiveCfg = Release|Any CPU
		{E42D9FB5-EB6D-4D36-9CBC-E1FFF4D4D2B4}.Release|Any CPU.Build.0 = Release|Any CPU
		{E42D9FB5-EB6D-4D36-9CBC-E1FFF4D4D2B4}.Release|ARM.ActiveCfg = Release|Any CPU
		{E42D9FB5-EB6D-4D36-9CBC-E1FFF4D4D2B4}.Release|ARM.Build.0 = Release|Any CPU
		{E42D9FB5-EB6D-4D36-9CBC-E1FFF4D4D2B4}.Release|iPhone.ActiveCfg = Release|Any CPU
		{E42D9FB5-EB6D-4D36-9CBC-E1FFF4D4D2B4}.Release|iPhone.Build.0 = Release|Any CPU
		{E42D9FB5-EB6D-4D36-9CBC-E1FFF4D4D2B4}.Release|iPhoneSimulator.ActiveCfg = Release|Any CPU
		{E42D9FB5-EB6D-4D36-9CBC-E1FFF4D4D2B4}.Release|iPhoneSimulator.Build.0 = Release|Any CPU
		{E42D9FB5-EB6D-4D36-9CBC-E1FFF4D4D2B4}.Release|x64.ActiveCfg = Release|Any CPU
		{E42D9FB5-EB6D-4D36-9CBC-E1FFF4D4D2B4}.Release|x64.Build.0 = Release|Any CPU
		{E42D9FB5-EB6D-4D36-9CBC-E1FFF4D4D2B4}.Release|x86.ActiveCfg = Release|Any CPU
		{E42D9FB5-EB6D-4D36-9CBC-E1FFF4D4D2B4}.Release|x86.Build.0 = Release|Any CPU
		{D9F07FFF-FDBB-445B-ACDE-1427545A0FAF}.Ad-Hoc|Any CPU.ActiveCfg = Release|Any CPU
		{D9F07FFF-FDBB-445B-ACDE-1427545A0FAF}.Ad-Hoc|Any CPU.Build.0 = Release|Any CPU
		{D9F07FFF-FDBB-445B-ACDE-1427545A0FAF}.Ad-Hoc|Any CPU.Deploy.0 = Release|Any CPU
		{D9F07FFF-FDBB-445B-ACDE-1427545A0FAF}.Ad-Hoc|ARM.ActiveCfg = Release|Any CPU
		{D9F07FFF-FDBB-445B-ACDE-1427545A0FAF}.Ad-Hoc|ARM.Build.0 = Release|Any CPU
		{D9F07FFF-FDBB-445B-ACDE-1427545A0FAF}.Ad-Hoc|ARM.Deploy.0 = Release|Any CPU
		{D9F07FFF-FDBB-445B-ACDE-1427545A0FAF}.Ad-Hoc|iPhone.ActiveCfg = Release|Any CPU
		{D9F07FFF-FDBB-445B-ACDE-1427545A0FAF}.Ad-Hoc|iPhone.Build.0 = Release|Any CPU
		{D9F07FFF-FDBB-445B-ACDE-1427545A0FAF}.Ad-Hoc|iPhone.Deploy.0 = Release|Any CPU
		{D9F07FFF-FDBB-445B-ACDE-1427545A0FAF}.Ad-Hoc|iPhoneSimulator.ActiveCfg = Release|Any CPU
		{D9F07FFF-FDBB-445B-ACDE-1427545A0FAF}.Ad-Hoc|iPhoneSimulator.Build.0 = Release|Any CPU
		{D9F07FFF-FDBB-445B-ACDE-1427545A0FAF}.Ad-Hoc|iPhoneSimulator.Deploy.0 = Release|Any CPU
		{D9F07FFF-FDBB-445B-ACDE-1427545A0FAF}.Ad-Hoc|x64.ActiveCfg = Release|Any CPU
		{D9F07FFF-FDBB-445B-ACDE-1427545A0FAF}.Ad-Hoc|x64.Build.0 = Release|Any CPU
		{D9F07FFF-FDBB-445B-ACDE-1427545A0FAF}.Ad-Hoc|x64.Deploy.0 = Release|Any CPU
		{D9F07FFF-FDBB-445B-ACDE-1427545A0FAF}.Ad-Hoc|x86.ActiveCfg = Release|Any CPU
		{D9F07FFF-FDBB-445B-ACDE-1427545A0FAF}.Ad-Hoc|x86.Build.0 = Release|Any CPU
		{D9F07FFF-FDBB-445B-ACDE-1427545A0FAF}.Ad-Hoc|x86.Deploy.0 = Release|Any CPU
		{D9F07FFF-FDBB-445B-ACDE-1427545A0FAF}.AppStore|Any CPU.ActiveCfg = Release|Any CPU
		{D9F07FFF-FDBB-445B-ACDE-1427545A0FAF}.AppStore|Any CPU.Build.0 = Release|Any CPU
		{D9F07FFF-FDBB-445B-ACDE-1427545A0FAF}.AppStore|Any CPU.Deploy.0 = Release|Any CPU
		{D9F07FFF-FDBB-445B-ACDE-1427545A0FAF}.AppStore|ARM.ActiveCfg = Release|Any CPU
		{D9F07FFF-FDBB-445B-ACDE-1427545A0FAF}.AppStore|ARM.Build.0 = Release|Any CPU
		{D9F07FFF-FDBB-445B-ACDE-1427545A0FAF}.AppStore|ARM.Deploy.0 = Release|Any CPU
		{D9F07FFF-FDBB-445B-ACDE-1427545A0FAF}.AppStore|iPhone.ActiveCfg = Release|Any CPU
		{D9F07FFF-FDBB-445B-ACDE-1427545A0FAF}.AppStore|iPhone.Build.0 = Release|Any CPU
		{D9F07FFF-FDBB-445B-ACDE-1427545A0FAF}.AppStore|iPhone.Deploy.0 = Release|Any CPU
		{D9F07FFF-FDBB-445B-ACDE-1427545A0FAF}.AppStore|iPhoneSimulator.ActiveCfg = Release|Any CPU
		{D9F07FFF-FDBB-445B-ACDE-1427545A0FAF}.AppStore|iPhoneSimulator.Build.0 = Release|Any CPU
		{D9F07FFF-FDBB-445B-ACDE-1427545A0FAF}.AppStore|iPhoneSimulator.Deploy.0 = Release|Any CPU
		{D9F07FFF-FDBB-445B-ACDE-1427545A0FAF}.AppStore|x64.ActiveCfg = Release|Any CPU
		{D9F07FFF-FDBB-445B-ACDE-1427545A0FAF}.AppStore|x64.Build.0 = Release|Any CPU
		{D9F07FFF-FDBB-445B-ACDE-1427545A0FAF}.AppStore|x64.Deploy.0 = Release|Any CPU
		{D9F07FFF-FDBB-445B-ACDE-1427545A0FAF}.AppStore|x86.ActiveCfg = Release|Any CPU
		{D9F07FFF-FDBB-445B-ACDE-1427545A0FAF}.AppStore|x86.Build.0 = Release|Any CPU
		{D9F07FFF-FDBB-445B-ACDE-1427545A0FAF}.AppStore|x86.Deploy.0 = Release|Any CPU
		{D9F07FFF-FDBB-445B-ACDE-1427545A0FAF}.Debug|Any CPU.ActiveCfg = Debug|Any CPU
		{D9F07FFF-FDBB-445B-ACDE-1427545A0FAF}.Debug|Any CPU.Build.0 = Debug|Any CPU
		{D9F07FFF-FDBB-445B-ACDE-1427545A0FAF}.Debug|Any CPU.Deploy.0 = Debug|Any CPU
		{D9F07FFF-FDBB-445B-ACDE-1427545A0FAF}.Debug|ARM.ActiveCfg = Debug|Any CPU
		{D9F07FFF-FDBB-445B-ACDE-1427545A0FAF}.Debug|ARM.Build.0 = Debug|Any CPU
		{D9F07FFF-FDBB-445B-ACDE-1427545A0FAF}.Debug|ARM.Deploy.0 = Debug|Any CPU
		{D9F07FFF-FDBB-445B-ACDE-1427545A0FAF}.Debug|iPhone.ActiveCfg = Debug|Any CPU
		{D9F07FFF-FDBB-445B-ACDE-1427545A0FAF}.Debug|iPhone.Build.0 = Debug|Any CPU
		{D9F07FFF-FDBB-445B-ACDE-1427545A0FAF}.Debug|iPhone.Deploy.0 = Debug|Any CPU
		{D9F07FFF-FDBB-445B-ACDE-1427545A0FAF}.Debug|iPhoneSimulator.ActiveCfg = Debug|Any CPU
		{D9F07FFF-FDBB-445B-ACDE-1427545A0FAF}.Debug|iPhoneSimulator.Build.0 = Debug|Any CPU
		{D9F07FFF-FDBB-445B-ACDE-1427545A0FAF}.Debug|iPhoneSimulator.Deploy.0 = Debug|Any CPU
		{D9F07FFF-FDBB-445B-ACDE-1427545A0FAF}.Debug|x64.ActiveCfg = Debug|Any CPU
		{D9F07FFF-FDBB-445B-ACDE-1427545A0FAF}.Debug|x64.Build.0 = Debug|Any CPU
		{D9F07FFF-FDBB-445B-ACDE-1427545A0FAF}.Debug|x64.Deploy.0 = Debug|Any CPU
		{D9F07FFF-FDBB-445B-ACDE-1427545A0FAF}.Debug|x86.ActiveCfg = Debug|Any CPU
		{D9F07FFF-FDBB-445B-ACDE-1427545A0FAF}.Debug|x86.Build.0 = Debug|Any CPU
		{D9F07FFF-FDBB-445B-ACDE-1427545A0FAF}.Debug|x86.Deploy.0 = Debug|Any CPU
		{D9F07FFF-FDBB-445B-ACDE-1427545A0FAF}.Release|Any CPU.ActiveCfg = Release|Any CPU
		{D9F07FFF-FDBB-445B-ACDE-1427545A0FAF}.Release|Any CPU.Build.0 = Release|Any CPU
		{D9F07FFF-FDBB-445B-ACDE-1427545A0FAF}.Release|Any CPU.Deploy.0 = Release|Any CPU
		{D9F07FFF-FDBB-445B-ACDE-1427545A0FAF}.Release|ARM.ActiveCfg = Release|Any CPU
		{D9F07FFF-FDBB-445B-ACDE-1427545A0FAF}.Release|ARM.Build.0 = Release|Any CPU
		{D9F07FFF-FDBB-445B-ACDE-1427545A0FAF}.Release|ARM.Deploy.0 = Release|Any CPU
		{D9F07FFF-FDBB-445B-ACDE-1427545A0FAF}.Release|iPhone.ActiveCfg = Release|Any CPU
		{D9F07FFF-FDBB-445B-ACDE-1427545A0FAF}.Release|iPhone.Build.0 = Release|Any CPU
		{D9F07FFF-FDBB-445B-ACDE-1427545A0FAF}.Release|iPhone.Deploy.0 = Release|Any CPU
		{D9F07FFF-FDBB-445B-ACDE-1427545A0FAF}.Release|iPhoneSimulator.ActiveCfg = Release|Any CPU
		{D9F07FFF-FDBB-445B-ACDE-1427545A0FAF}.Release|iPhoneSimulator.Build.0 = Release|Any CPU
		{D9F07FFF-FDBB-445B-ACDE-1427545A0FAF}.Release|iPhoneSimulator.Deploy.0 = Release|Any CPU
		{D9F07FFF-FDBB-445B-ACDE-1427545A0FAF}.Release|x64.ActiveCfg = Release|Any CPU
		{D9F07FFF-FDBB-445B-ACDE-1427545A0FAF}.Release|x64.Build.0 = Release|Any CPU
		{D9F07FFF-FDBB-445B-ACDE-1427545A0FAF}.Release|x64.Deploy.0 = Release|Any CPU
		{D9F07FFF-FDBB-445B-ACDE-1427545A0FAF}.Release|x86.ActiveCfg = Release|Any CPU
		{D9F07FFF-FDBB-445B-ACDE-1427545A0FAF}.Release|x86.Build.0 = Release|Any CPU
		{D9F07FFF-FDBB-445B-ACDE-1427545A0FAF}.Release|x86.Deploy.0 = Release|Any CPU
		{ABE746B1-F8D9-478A-9E15-03DB709D5238}.Ad-Hoc|Any CPU.ActiveCfg = Ad-Hoc|iPhone
		{ABE746B1-F8D9-478A-9E15-03DB709D5238}.Ad-Hoc|ARM.ActiveCfg = Ad-Hoc|iPhone
		{ABE746B1-F8D9-478A-9E15-03DB709D5238}.Ad-Hoc|iPhone.ActiveCfg = Ad-Hoc|iPhone
		{ABE746B1-F8D9-478A-9E15-03DB709D5238}.Ad-Hoc|iPhone.Build.0 = Ad-Hoc|iPhone
		{ABE746B1-F8D9-478A-9E15-03DB709D5238}.Ad-Hoc|iPhoneSimulator.ActiveCfg = Ad-Hoc|iPhoneSimulator
		{ABE746B1-F8D9-478A-9E15-03DB709D5238}.Ad-Hoc|iPhoneSimulator.Build.0 = Ad-Hoc|iPhoneSimulator
		{ABE746B1-F8D9-478A-9E15-03DB709D5238}.Ad-Hoc|x64.ActiveCfg = Ad-Hoc|iPhone
		{ABE746B1-F8D9-478A-9E15-03DB709D5238}.Ad-Hoc|x86.ActiveCfg = Ad-Hoc|iPhone
		{ABE746B1-F8D9-478A-9E15-03DB709D5238}.AppStore|Any CPU.ActiveCfg = AppStore|iPhone
		{ABE746B1-F8D9-478A-9E15-03DB709D5238}.AppStore|ARM.ActiveCfg = AppStore|iPhone
		{ABE746B1-F8D9-478A-9E15-03DB709D5238}.AppStore|iPhone.ActiveCfg = AppStore|iPhone
		{ABE746B1-F8D9-478A-9E15-03DB709D5238}.AppStore|iPhone.Build.0 = AppStore|iPhone
		{ABE746B1-F8D9-478A-9E15-03DB709D5238}.AppStore|iPhoneSimulator.ActiveCfg = AppStore|iPhoneSimulator
		{ABE746B1-F8D9-478A-9E15-03DB709D5238}.AppStore|iPhoneSimulator.Build.0 = AppStore|iPhoneSimulator
		{ABE746B1-F8D9-478A-9E15-03DB709D5238}.AppStore|x64.ActiveCfg = AppStore|iPhone
		{ABE746B1-F8D9-478A-9E15-03DB709D5238}.AppStore|x86.ActiveCfg = AppStore|iPhone
		{ABE746B1-F8D9-478A-9E15-03DB709D5238}.Debug|Any CPU.ActiveCfg = Debug|iPhone
		{ABE746B1-F8D9-478A-9E15-03DB709D5238}.Debug|ARM.ActiveCfg = Debug|iPhone
		{ABE746B1-F8D9-478A-9E15-03DB709D5238}.Debug|iPhone.ActiveCfg = Debug|iPhone
		{ABE746B1-F8D9-478A-9E15-03DB709D5238}.Debug|iPhone.Build.0 = Debug|iPhone
		{ABE746B1-F8D9-478A-9E15-03DB709D5238}.Debug|iPhoneSimulator.ActiveCfg = Debug|iPhoneSimulator
		{ABE746B1-F8D9-478A-9E15-03DB709D5238}.Debug|iPhoneSimulator.Build.0 = Debug|iPhoneSimulator
		{ABE746B1-F8D9-478A-9E15-03DB709D5238}.Debug|x64.ActiveCfg = Debug|iPhone
		{ABE746B1-F8D9-478A-9E15-03DB709D5238}.Debug|x86.ActiveCfg = Debug|iPhone
		{ABE746B1-F8D9-478A-9E15-03DB709D5238}.Release|Any CPU.ActiveCfg = Release|iPhone
		{ABE746B1-F8D9-478A-9E15-03DB709D5238}.Release|ARM.ActiveCfg = Release|iPhone
		{ABE746B1-F8D9-478A-9E15-03DB709D5238}.Release|iPhone.ActiveCfg = Release|iPhone
		{ABE746B1-F8D9-478A-9E15-03DB709D5238}.Release|iPhone.Build.0 = Release|iPhone
		{ABE746B1-F8D9-478A-9E15-03DB709D5238}.Release|iPhoneSimulator.ActiveCfg = Release|iPhoneSimulator
		{ABE746B1-F8D9-478A-9E15-03DB709D5238}.Release|iPhoneSimulator.Build.0 = Release|iPhoneSimulator
		{ABE746B1-F8D9-478A-9E15-03DB709D5238}.Release|x64.ActiveCfg = Release|iPhone
		{ABE746B1-F8D9-478A-9E15-03DB709D5238}.Release|x86.ActiveCfg = Release|iPhone
		{E948C9BD-2DA4-4049-B73A-70738A302D55}.Ad-Hoc|Any CPU.ActiveCfg = Release|x86
		{E948C9BD-2DA4-4049-B73A-70738A302D55}.Ad-Hoc|Any CPU.Build.0 = Release|x86
		{E948C9BD-2DA4-4049-B73A-70738A302D55}.Ad-Hoc|Any CPU.Deploy.0 = Release|x86
		{E948C9BD-2DA4-4049-B73A-70738A302D55}.Ad-Hoc|ARM.ActiveCfg = Release|ARM
		{E948C9BD-2DA4-4049-B73A-70738A302D55}.Ad-Hoc|ARM.Build.0 = Release|ARM
		{E948C9BD-2DA4-4049-B73A-70738A302D55}.Ad-Hoc|ARM.Deploy.0 = Release|ARM
		{E948C9BD-2DA4-4049-B73A-70738A302D55}.Ad-Hoc|iPhone.ActiveCfg = Release|x86
		{E948C9BD-2DA4-4049-B73A-70738A302D55}.Ad-Hoc|iPhone.Build.0 = Release|x86
		{E948C9BD-2DA4-4049-B73A-70738A302D55}.Ad-Hoc|iPhone.Deploy.0 = Release|x86
		{E948C9BD-2DA4-4049-B73A-70738A302D55}.Ad-Hoc|iPhoneSimulator.ActiveCfg = Release|x86
		{E948C9BD-2DA4-4049-B73A-70738A302D55}.Ad-Hoc|iPhoneSimulator.Build.0 = Release|x86
		{E948C9BD-2DA4-4049-B73A-70738A302D55}.Ad-Hoc|iPhoneSimulator.Deploy.0 = Release|x86
		{E948C9BD-2DA4-4049-B73A-70738A302D55}.Ad-Hoc|x64.ActiveCfg = Release|x64
		{E948C9BD-2DA4-4049-B73A-70738A302D55}.Ad-Hoc|x64.Build.0 = Release|x64
		{E948C9BD-2DA4-4049-B73A-70738A302D55}.Ad-Hoc|x64.Deploy.0 = Release|x64
		{E948C9BD-2DA4-4049-B73A-70738A302D55}.Ad-Hoc|x86.ActiveCfg = Release|x86
		{E948C9BD-2DA4-4049-B73A-70738A302D55}.Ad-Hoc|x86.Build.0 = Release|x86
		{E948C9BD-2DA4-4049-B73A-70738A302D55}.Ad-Hoc|x86.Deploy.0 = Release|x86
		{E948C9BD-2DA4-4049-B73A-70738A302D55}.AppStore|Any CPU.ActiveCfg = Release|x86
		{E948C9BD-2DA4-4049-B73A-70738A302D55}.AppStore|Any CPU.Build.0 = Release|x86
		{E948C9BD-2DA4-4049-B73A-70738A302D55}.AppStore|Any CPU.Deploy.0 = Release|x86
		{E948C9BD-2DA4-4049-B73A-70738A302D55}.AppStore|ARM.ActiveCfg = Release|ARM
		{E948C9BD-2DA4-4049-B73A-70738A302D55}.AppStore|ARM.Build.0 = Release|ARM
		{E948C9BD-2DA4-4049-B73A-70738A302D55}.AppStore|ARM.Deploy.0 = Release|ARM
		{E948C9BD-2DA4-4049-B73A-70738A302D55}.AppStore|iPhone.ActiveCfg = Release|x86
		{E948C9BD-2DA4-4049-B73A-70738A302D55}.AppStore|iPhone.Build.0 = Release|x86
		{E948C9BD-2DA4-4049-B73A-70738A302D55}.AppStore|iPhone.Deploy.0 = Release|x86
		{E948C9BD-2DA4-4049-B73A-70738A302D55}.AppStore|iPhoneSimulator.ActiveCfg = Release|x86
		{E948C9BD-2DA4-4049-B73A-70738A302D55}.AppStore|iPhoneSimulator.Build.0 = Release|x86
		{E948C9BD-2DA4-4049-B73A-70738A302D55}.AppStore|iPhoneSimulator.Deploy.0 = Release|x86
		{E948C9BD-2DA4-4049-B73A-70738A302D55}.AppStore|x64.ActiveCfg = Release|x64
		{E948C9BD-2DA4-4049-B73A-70738A302D55}.AppStore|x64.Build.0 = Release|x64
		{E948C9BD-2DA4-4049-B73A-70738A302D55}.AppStore|x64.Deploy.0 = Release|x64
		{E948C9BD-2DA4-4049-B73A-70738A302D55}.AppStore|x86.ActiveCfg = Release|x86
		{E948C9BD-2DA4-4049-B73A-70738A302D55}.AppStore|x86.Build.0 = Release|x86
		{E948C9BD-2DA4-4049-B73A-70738A302D55}.AppStore|x86.Deploy.0 = Release|x86
		{E948C9BD-2DA4-4049-B73A-70738A302D55}.Debug|Any CPU.ActiveCfg = Debug|x86
		{E948C9BD-2DA4-4049-B73A-70738A302D55}.Debug|ARM.ActiveCfg = Debug|ARM
		{E948C9BD-2DA4-4049-B73A-70738A302D55}.Debug|ARM.Build.0 = Debug|ARM
		{E948C9BD-2DA4-4049-B73A-70738A302D55}.Debug|ARM.Deploy.0 = Debug|ARM
		{E948C9BD-2DA4-4049-B73A-70738A302D55}.Debug|iPhone.ActiveCfg = Debug|x86
		{E948C9BD-2DA4-4049-B73A-70738A302D55}.Debug|iPhoneSimulator.ActiveCfg = Debug|x86
		{E948C9BD-2DA4-4049-B73A-70738A302D55}.Debug|x64.ActiveCfg = Debug|x64
		{E948C9BD-2DA4-4049-B73A-70738A302D55}.Debug|x64.Build.0 = Debug|x64
		{E948C9BD-2DA4-4049-B73A-70738A302D55}.Debug|x64.Deploy.0 = Debug|x64
		{E948C9BD-2DA4-4049-B73A-70738A302D55}.Debug|x86.ActiveCfg = Debug|x86
		{E948C9BD-2DA4-4049-B73A-70738A302D55}.Debug|x86.Build.0 = Debug|x86
		{E948C9BD-2DA4-4049-B73A-70738A302D55}.Debug|x86.Deploy.0 = Debug|x86
		{E948C9BD-2DA4-4049-B73A-70738A302D55}.Release|Any CPU.ActiveCfg = Release|x86
		{E948C9BD-2DA4-4049-B73A-70738A302D55}.Release|ARM.ActiveCfg = Release|ARM
		{E948C9BD-2DA4-4049-B73A-70738A302D55}.Release|ARM.Build.0 = Release|ARM
		{E948C9BD-2DA4-4049-B73A-70738A302D55}.Release|ARM.Deploy.0 = Release|ARM
		{E948C9BD-2DA4-4049-B73A-70738A302D55}.Release|iPhone.ActiveCfg = Release|x86
		{E948C9BD-2DA4-4049-B73A-70738A302D55}.Release|iPhoneSimulator.ActiveCfg = Release|x86
		{E948C9BD-2DA4-4049-B73A-70738A302D55}.Release|x64.ActiveCfg = Release|x64
		{E948C9BD-2DA4-4049-B73A-70738A302D55}.Release|x64.Build.0 = Release|x64
		{E948C9BD-2DA4-4049-B73A-70738A302D55}.Release|x64.Deploy.0 = Release|x64
		{E948C9BD-2DA4-4049-B73A-70738A302D55}.Release|x86.ActiveCfg = Release|x86
		{E948C9BD-2DA4-4049-B73A-70738A302D55}.Release|x86.Build.0 = Release|x86
		{E948C9BD-2DA4-4049-B73A-70738A302D55}.Release|x86.Deploy.0 = Release|x86
	EndGlobalSection
	GlobalSection(SolutionProperties) = preSolution
		HideSolutionNode = FALSE
	EndGlobalSection
	GlobalSection(ExtensibilityGlobals) = postSolution
		SolutionGuid = {115CF555-3EBE-45D2-8AE0-F0F8EFB39753}
	EndGlobalSection
EndGlobal
